
Microsoft Visual Studio Solution File, Format Version 12.00
# Visual Studio 15
VisualStudioVersion = 15.0.26124.0
MinimumVisualStudioVersion = 15.0.26124.0
Project("{FAE04EC0-301F-11D3-BF4B-00C04F79EFBC}") = "LT Showcase", "src\LT Showcase.csproj", "{9876156B-FCC7-445E-9B33-7B2149833AC7}"
EndProject
Project("{FAE04EC0-301F-11D3-BF4B-00C04F79EFBC}") = "tests", "tests\tests.csproj", "{95497027-3BF3-475D-82EC-1FA8B9943C42}"
EndProject
Global
	GlobalSection(SolutionConfigurationPlatforms) = preSolution
		Debug|Any CPU = Debug|Any CPU
		Debug|x64 = Debug|x64
		Debug|x86 = Debug|x86
		Release|Any CPU = Release|Any CPU
		Release|x64 = Release|x64
		Release|x86 = Release|x86
	EndGlobalSection
	GlobalSection(SolutionProperties) = preSolution
		HideSolutionNode = FALSE
	EndGlobalSection
	GlobalSection(ProjectConfigurationPlatforms) = postSolution
		{9876156B-FCC7-445E-9B33-7B2149833AC7}.Debug|Any CPU.ActiveCfg = Debug|Any CPU
		{9876156B-FCC7-445E-9B33-7B2149833AC7}.Debug|Any CPU.Build.0 = Debug|Any CPU
		{9876156B-FCC7-445E-9B33-7B2149833AC7}.Debug|x64.ActiveCfg = Debug|Any CPU
		{9876156B-FCC7-445E-9B33-7B2149833AC7}.Debug|x64.Build.0 = Debug|Any CPU
		{9876156B-FCC7-445E-9B33-7B2149833AC7}.Debug|x86.ActiveCfg = Debug|Any CPU
		{9876156B-FCC7-445E-9B33-7B2149833AC7}.Debug|x86.Build.0 = Debug|Any CPU
		{9876156B-FCC7-445E-9B33-7B2149833AC7}.Release|Any CPU.ActiveCfg = Release|Any CPU
		{9876156B-FCC7-445E-9B33-7B2149833AC7}.Release|Any CPU.Build.0 = Release|Any CPU
		{9876156B-FCC7-445E-9B33-7B2149833AC7}.Release|x64.ActiveCfg = Release|Any CPU
		{9876156B-FCC7-445E-9B33-7B2149833AC7}.Release|x64.Build.0 = Release|Any CPU
		{9876156B-FCC7-445E-9B33-7B2149833AC7}.Release|x86.ActiveCfg = Release|Any CPU
		{9876156B-FCC7-445E-9B33-7B2149833AC7}.Release|x86.Build.0 = Release|Any CPU
		{95497027-3BF3-475D-82EC-1FA8B9943C42}.Debug|Any CPU.ActiveCfg = Debug|Any CPU
		{95497027-3BF3-475D-82EC-1FA8B9943C42}.Debug|Any CPU.Build.0 = Debug|Any CPU
		{95497027-3BF3-475D-82EC-1FA8B9943C42}.Debug|x64.ActiveCfg = Debug|Any CPU
		{95497027-3BF3-475D-82EC-1FA8B9943C42}.Debug|x64.Build.0 = Debug|Any CPU
		{95497027-3BF3-475D-82EC-1FA8B9943C42}.Debug|x86.ActiveCfg = Debug|Any CPU
		{95497027-3BF3-475D-82EC-1FA8B9943C42}.Debug|x86.Build.0 = Debug|Any CPU
		{95497027-3BF3-475D-82EC-1FA8B9943C42}.Release|Any CPU.ActiveCfg = Release|Any CPU
		{95497027-3BF3-475D-82EC-1FA8B9943C42}.Release|Any CPU.Build.0 = Release|Any CPU
		{95497027-3BF3-475D-82EC-1FA8B9943C42}.Release|x64.ActiveCfg = Release|Any CPU
		{95497027-3BF3-475D-82EC-1FA8B9943C42}.Release|x64.Build.0 = Release|Any CPU
		{95497027-3BF3-475D-82EC-1FA8B9943C42}.Release|x86.ActiveCfg = Release|Any CPU
		{95497027-3BF3-475D-82EC-1FA8B9943C42}.Release|x86.Build.0 = Release|Any CPU
	EndGlobalSection
EndGlobal
